
Microsoft Visual Studio Solution File, Format Version 12.00
# Visual Studio 2012
Project("{FAE04EC0-301F-11D3-BF4B-00C04F79EFBC}") = "DA_CNN_NHOM_22", "DA_CNN_NHOM_22\DA_CNN_NHOM_22.csproj", "{E88D8FA2-CE44-4877-BBB8-504BF28BF8CC}"
EndProject
Global
	GlobalSection(SolutionConfigurationPlatforms) = preSolution
		Debug|Any CPU = Debug|Any CPU
		Release|Any CPU = Release|Any CPU
	EndGlobalSection
	GlobalSection(ProjectConfigurationPlatforms) = postSolution
		{E88D8FA2-CE44-4877-BBB8-504BF28BF8CC}.Debug|Any CPU.ActiveCfg = Debug|Any CPU
		{E88D8FA2-CE44-4877-BBB8-504BF28BF8CC}.Debug|Any CPU.Build.0 = Debug|Any CPU
		{E88D8FA2-CE44-4877-BBB8-504BF28BF8CC}.Release|Any CPU.ActiveCfg = Release|Any CPU
		{E88D8FA2-CE44-4877-BBB8-504BF28BF8CC}.Release|Any CPU.Build.0 = Release|Any CPU
	EndGlobalSection
	GlobalSection(SolutionProperties) = preSolution
		HideSolutionNode = FALSE
	EndGlobalSection
EndGlobal
